
Microsoft Visual Studio Solution File, Format Version 12.00
# Visual Studio Version 17
VisualStudioVersion = 17.13.35931.197 d17.13
MinimumVisualStudioVersion = 10.0.40219.1
Project("{FAE04EC0-301F-11D3-BF4B-00C04F79EFBC}") = "SistemaDeCadastroDeFuncionarios", "SistemaDeCadastroDeFuncionarios.csproj", "{95ABC9C2-8E7F-4D0B-BCE0-46077F395F4D}"
EndProject
Global
	GlobalSection(SolutionConfigurationPlatforms) = preSolution
		Debug|Any CPU = Debug|Any CPU
		Release|Any CPU = Release|Any CPU
	EndGlobalSection
	GlobalSection(ProjectConfigurationPlatforms) = postSolution
		{95ABC9C2-8E7F-4D0B-BCE0-46077F395F4D}.Debug|Any CPU.ActiveCfg = Debug|Any CPU
		{95ABC9C2-8E7F-4D0B-BCE0-46077F395F4D}.Debug|Any CPU.Build.0 = Debug|Any CPU
		{95ABC9C2-8E7F-4D0B-BCE0-46077F395F4D}.Release|Any CPU.ActiveCfg = Release|Any CPU
		{95ABC9C2-8E7F-4D0B-BCE0-46077F395F4D}.Release|Any CPU.Build.0 = Release|Any CPU
	EndGlobalSection
	GlobalSection(SolutionProperties) = preSolution
		HideSolutionNode = FALSE
	EndGlobalSection
	GlobalSection(ExtensibilityGlobals) = postSolution
		SolutionGuid = {7076ADB0-7111-4FA6-A47B-4FD04D096A6E}
	EndGlobalSection
EndGlobal
